# Code generated by scarb DO NOT EDIT.
version = 1

[[package]]
name = "cartridge_vrf"
version = "0.1.0"
dependencies = [
 "stark_vrf",
]

[[package]]
name = "stark_vrf"
version = "0.1.1"
source = "registry+https://scarbs.xyz/"
checksum = "sha256:5345a2ec33f50f7e372b74179b0421da022775b72b9de3c51cb15b7530482475"

[[package]]
name = "vrf_random_range"
version = "0.1.0"
dependencies = [
 "cartridge_vrf",
 "stark_vrf",
]
